// !$*UTF8*$!
{
	archiveVersion = 1;
	classes = {
	};
	objectVersion = 56;
	objects = {

/* Begin PBXBuildFile section */
		815A0E0B2C23BFB10033B2AF /* AppDelegate.swift in Sources */ = {isa = PBXBuildFile; fileRef = 815A0E0A2C23BFB10033B2AF /* AppDelegate.swift */; };
		815A0E0D2C23BFB10033B2AF /* SceneDelegate.swift in Sources */ = {isa = PBXBuildFile; fileRef = 815A0E0C2C23BFB10033B2AF /* SceneDelegate.swift */; };
		815A0E0F2C23BFB10033B2AF /* ViewController.swift in Sources */ = {isa = PBXBuildFile; fileRef = 815A0E0E2C23BFB10033B2AF /* ViewController.swift */; };
		815A0E122C23BFB10033B2AF /* Main.storyboard in Resources */ = {isa = PBXBuildFile; fileRef = 815A0E102C23BFB10033B2AF /* Main.storyboard */; };
		815A0E142C23BFB30033B2AF /* Assets.xcassets in Resources */ = {isa = PBXBuildFile; fileRef = 815A0E132C23BFB30033B2AF /* Assets.xcassets */; };
		815A0E172C23BFB30033B2AF /* LaunchScreen.storyboard in Resources */ = {isa = PBXBuildFile; fileRef = 815A0E152C23BFB30033B2AF /* LaunchScreen.storyboard */; };
		815A0E1F2C23CA100033B2AF /* LoginViewController.swift in Sources */ = {isa = PBXBuildFile; fileRef = 815A0E1E2C23CA100033B2AF /* LoginViewController.swift */; };
		815A0E212C23CA360033B2AF /* CreateAccountViewController.swift in Sources */ = {isa = PBXBuildFile; fileRef = 815A0E202C23CA360033B2AF /* CreateAccountViewController.swift */; };
		815A0E232C23CA470033B2AF /* HomePageViewController.swift in Sources */ = {isa = PBXBuildFile; fileRef = 815A0E222C23CA470033B2AF /* HomePageViewController.swift */; };
		815A0E252C23CA5B0033B2AF /* AddTicketViewController.swift in Sources */ = {isa = PBXBuildFile; fileRef = 815A0E242C23CA5B0033B2AF /* AddTicketViewController.swift */; };
		815A0E272C23CA7D0033B2AF /* TicketBudgetingViewController.swift in Sources */ = {isa = PBXBuildFile; fileRef = 815A0E262C23CA7D0033B2AF /* TicketBudgetingViewController.swift */; };
		815A0E292C23CA8E0033B2AF /* AccountDetailsViewController.swift in Sources */ = {isa = PBXBuildFile; fileRef = 815A0E282C23CA8E0033B2AF /* AccountDetailsViewController.swift */; };
		816320D12C2E4E7A00DA4F06 /* TicketDataStore.swift in Sources */ = {isa = PBXBuildFile; fileRef = 816320D02C2E4E7A00DA4F06 /* TicketDataStore.swift */; };
		816320D32C2E505A00DA4F06 /* UserCredentials.swift in Sources */ = {isa = PBXBuildFile; fileRef = 816320D22C2E505A00DA4F06 /* UserCredentials.swift */; };
		81C58FF52C6AD3DC00C64194 /* profilePicture.png in Resources */ = {isa = PBXBuildFile; fileRef = 81C58FF42C6AD3DC00C64194 /* profilePicture.png */; };
		81C58FF72C6AD44C00C64194 /* Ticket App Logo.png in Resources */ = {isa = PBXBuildFile; fileRef = 81C58FF62C6AD44C00C64194 /* Ticket App Logo.png */; };
/* End PBXBuildFile section */

/* Begin PBXFileReference section */
		815A0E072C23BFB10033B2AF /* Ticket App SAT.app */ = {isa = PBXFileReference; explicitFileType = wrapper.application; includeInIndex = 0; path = "Ticket App SAT.app"; sourceTree = BUILT_PRODUCTS_DIR; };
		815A0E0A2C23BFB10033B2AF /* AppDelegate.swift */ = {isa = PBXFileReference; lastKnownFileType = sourcecode.swift; path = AppDelegate.swift; sourceTree = "<group>"; };
		815A0E0C2C23BFB10033B2AF /* SceneDelegate.swift */ = {isa = PBXFileReference; lastKnownFileType = sourcecode.swift; path = SceneDelegate.swift; sourceTree = "<group>"; };
		815A0E0E2C23BFB10033B2AF /* ViewController.swift */ = {isa = PBXFileReference; lastKnownFileType = sourcecode.swift; path = ViewController.swift; sourceTree = "<group>"; };
		815A0E112C23BFB10033B2AF /* Base */ = {isa = PBXFileReference; lastKnownFileType = file.storyboard; name = Base; path = Base.lproj/Main.storyboard; sourceTree = "<group>"; };
		815A0E132C23BFB30033B2AF /* Assets.xcassets */ = {isa = PBXFileReference; lastKnownFileType = folder.assetcatalog; path = Assets.xcassets; sourceTree = "<group>"; };
		815A0E162C23BFB30033B2AF /* Base */ = {isa = PBXFileReference; lastKnownFileType = file.storyboard; name = Base; path = Base.lproj/LaunchScreen.storyboard; sourceTree = "<group>"; };
		815A0E182C23BFB30033B2AF /* Info.plist */ = {isa = PBXFileReference; lastKnownFileType = text.plist.xml; path = Info.plist; sourceTree = "<group>"; };
		815A0E1E2C23CA100033B2AF /* LoginViewController.swift */ = {isa = PBXFileReference; lastKnownFileType = sourcecode.swift; path = LoginViewController.swift; sourceTree = "<group>"; };
		815A0E202C23CA360033B2AF /* CreateAccountViewController.swift */ = {isa = PBXFileReference; lastKnownFileType = sourcecode.swift; path = CreateAccountViewController.swift; sourceTree = "<group>"; };
		815A0E222C23CA470033B2AF /* HomePageViewController.swift */ = {isa = PBXFileReference; lastKnownFileType = sourcecode.swift; path = HomePageViewController.swift; sourceTree = "<group>"; };
		815A0E242C23CA5B0033B2AF /* AddTicketViewController.swift */ = {isa = PBXFileReference; lastKnownFileType = sourcecode.swift; path = AddTicketViewController.swift; sourceTree = "<group>"; };
		815A0E262C23CA7D0033B2AF /* TicketBudgetingViewController.swift */ = {isa = PBXFileReference; lastKnownFileType = sourcecode.swift; path = TicketBudgetingViewController.swift; sourceTree = "<group>"; };
		815A0E282C23CA8E0033B2AF /* AccountDetailsViewController.swift */ = {isa = PBXFileReference; lastKnownFileType = sourcecode.swift; path = AccountDetailsViewController.swift; sourceTree = "<group>"; };
		816320D02C2E4E7A00DA4F06 /* TicketDataStore.swift */ = {isa = PBXFileReference; lastKnownFileType = sourcecode.swift; path = TicketDataStore.swift; sourceTree = "<group>"; };
		816320D22C2E505A00DA4F06 /* UserCredentials.swift */ = {isa = PBXFileReference; lastKnownFileType = sourcecode.swift; path = UserCredentials.swift; sourceTree = "<group>"; };
		81C58FF42C6AD3DC00C64194 /* profilePicture.png */ = {isa = PBXFileReference; lastKnownFileType = image.png; path = profilePicture.png; sourceTree = "<group>"; };
		81C58FF62C6AD44C00C64194 /* Ticket App Logo.png */ = {isa = PBXFileReference; lastKnownFileType = image.png; path = "Ticket App Logo.png"; sourceTree = "<group>"; };
/* End PBXFileReference section */

/* Begin PBXFrameworksBuildPhase section */
		815A0E042C23BFB10033B2AF /* Frameworks */ = {
			isa = PBXFrameworksBuildPhase;
			buildActionMask = 2147483647;
			files = (
			);
			runOnlyForDeploymentPostprocessing = 0;
		};
/* End PBXFrameworksBuildPhase section */

/* Begin PBXGroup section */
		815A0DFE2C23BFB10033B2AF = {
			isa = PBXGroup;
			children = (
				815A0E092C23BFB10033B2AF /* Ticket App SAT */,
				815A0E082C23BFB10033B2AF /* Products */,
			);
			sourceTree = "<group>";
		};
		815A0E082C23BFB10033B2AF /* Products */ = {
			isa = PBXGroup;
			children = (
				815A0E072C23BFB10033B2AF /* Ticket App SAT.app */,
			);
			name = Products;
			sourceTree = "<group>";
		};
		815A0E092C23BFB10033B2AF /* Ticket App SAT */ = {
			isa = PBXGroup;
			children = (
				815A0E0A2C23BFB10033B2AF /* AppDelegate.swift */,
				815A0E0C2C23BFB10033B2AF /* SceneDelegate.swift */,
				815A0E0E2C23BFB10033B2AF /* ViewController.swift */,
				81C58FF62C6AD44C00C64194 /* Ticket App Logo.png */,
				81C58FF42C6AD3DC00C64194 /* profilePicture.png */,
				815A0E102C23BFB10033B2AF /* Main.storyboard */,
				816320D22C2E505A00DA4F06 /* UserCredentials.swift */,
				816320D02C2E4E7A00DA4F06 /* TicketDataStore.swift */,
				815A0E1E2C23CA100033B2AF /* LoginViewController.swift */,
				815A0E202C23CA360033B2AF /* CreateAccountViewController.swift */,
				815A0E222C23CA470033B2AF /* HomePageViewController.swift */,
				815A0E242C23CA5B0033B2AF /* AddTicketViewController.swift */,
				815A0E262C23CA7D0033B2AF /* TicketBudgetingViewController.swift */,
				815A0E282C23CA8E0033B2AF /* AccountDetailsViewController.swift */,
				815A0E132C23BFB30033B2AF /* Assets.xcassets */,
				815A0E152C23BFB30033B2AF /* LaunchScreen.storyboard */,
				815A0E182C23BFB30033B2AF /* Info.plist */,
			);
			path = "Ticket App SAT";
			sourceTree = "<group>";
		};
/* End PBXGroup section */

/* Begin PBXNativeTarget section */
		815A0E062C23BFB10033B2AF /* Ticket App SAT */ = {
			isa = PBXNativeTarget;
			buildConfigurationList = 815A0E1B2C23BFB30033B2AF /* Build configuration list for PBXNativeTarget "Ticket App SAT" */;
			buildPhases = (
				815A0E032C23BFB10033B2AF /* Sources */,
				815A0E042C23BFB10033B2AF /* Frameworks */,
				815A0E052C23BFB10033B2AF /* Resources */,
			);
			buildRules = (
			);
			dependencies = (
			);
			name = "Ticket App SAT";
			productName = "Ticket App SAT";
			productReference = 815A0E072C23BFB10033B2AF /* Ticket App SAT.app */;
			productType = "com.apple.product-type.application";
		};
/* End PBXNativeTarget section */

/* Begin PBXProject section */
		815A0DFF2C23BFB10033B2AF /* Project object */ = {
			isa = PBXProject;
			attributes = {
				BuildIndependentTargetsInParallel = 1;
				LastSwiftUpdateCheck = 1420;
				LastUpgradeCheck = 1420;
				TargetAttributes = {
					815A0E062C23BFB10033B2AF = {
						CreatedOnToolsVersion = 14.2;
					};
				};
			};
			buildConfigurationList = 815A0E022C23BFB10033B2AF /* Build configuration list for PBXProject "Ticket App SAT" */;
			compatibilityVersion = "Xcode 14.0";
			developmentRegion = en;
			hasScannedForEncodings = 0;
			knownRegions = (
				en,
				Base,
			);
			mainGroup = 815A0DFE2C23BFB10033B2AF;
			productRefGroup = 815A0E082C23BFB10033B2AF /* Products */;
			projectDirPath = "";
			projectRoot = "";
			targets = (
				815A0E062C23BFB10033B2AF /* Ticket App SAT */,
			);
		};
/* End PBXProject section */

/* Begin PBXResourcesBuildPhase section */
		815A0E052C23BFB10033B2AF /* Resources */ = {
			isa = PBXResourcesBuildPhase;
			buildActionMask = 2147483647;
			files = (
				815A0E172C23BFB30033B2AF /* LaunchScreen.storyboard in Resources */,
				81C58FF72C6AD44C00C64194 /* Ticket App Logo.png in Resources */,
				815A0E142C23BFB30033B2AF /* Assets.xcassets in Resources */,
				815A0E122C23BFB10033B2AF /* Main.storyboard in Resources */,
				81C58FF52C6AD3DC00C64194 /* profilePicture.png in Resources */,
			);
			runOnlyForDeploymentPostprocessing = 0;
		};
/* End PBXResourcesBuildPhase section */

/* Begin PBXSourcesBuildPhase section */
		815A0E032C23BFB10033B2AF /* Sources */ = {
			isa = PBXSourcesBuildPhase;
			buildActionMask = 2147483647;
			files = (
				815A0E212C23CA360033B2AF /* CreateAccountViewController.swift in Sources */,
				816320D32C2E505A00DA4F06 /* UserCredentials.swift in Sources */,
				815A0E1F2C23CA100033B2AF /* LoginViewController.swift in Sources */,
				815A0E292C23CA8E0033B2AF /* AccountDetailsViewController.swift in Sources */,
				815A0E272C23CA7D0033B2AF /* TicketBudgetingViewController.swift in Sources */,
				816320D12C2E4E7A00DA4F06 /* TicketDataStore.swift in Sources */,
				815A0E232C23CA470033B2AF /* HomePageViewController.swift in Sources */,
				815A0E0F2C23BFB10033B2AF /* ViewController.swift in Sources */,
				815A0E0B2C23BFB10033B2AF /* AppDelegate.swift in Sources */,
				815A0E0D2C23BFB10033B2AF /* SceneDelegate.swift in Sources */,
				815A0E252C23CA5B0033B2AF /* AddTicketViewController.swift in Sources */,
			);
			runOnlyForDeploymentPostprocessing = 0;
		};
/* End PBXSourcesBuildPhase section */

/* Begin PBXVariantGroup section */
		815A0E102C23BFB10033B2AF /* Main.storyboard */ = {
			isa = PBXVariantGroup;
			children = (
				815A0E112C23BFB10033B2AF /* Base */,
			);
			name = Main.storyboard;
			sourceTree = "<group>";
		};
		815A0E152C23BFB30033B2AF /* LaunchScreen.storyboard */ = {
			isa = PBXVariantGroup;
			children = (
				815A0E162C23BFB30033B2AF /* Base */,
			);
			name = LaunchScreen.storyboard;
			sourceTree = "<group>";
		};
/* End PBXVariantGroup section */

/* Begin XCBuildConfiguration section */
		815A0E192C23BFB30033B2AF /* Debug */ = {
			isa = XCBuildConfiguration;
			buildSettings = {
				ALWAYS_SEARCH_USER_PATHS = NO;
				CLANG_ANALYZER_NONNULL = YES;
				CLANG_ANALYZER_NUMBER_OBJECT_CONVERSION = YES_AGGRESSIVE;
				CLANG_CXX_LANGUAGE_STANDARD = "gnu++20";
				CLANG_ENABLE_MODULES = YES;
				CLANG_ENABLE_OBJC_ARC = YES;
				CLANG_ENABLE_OBJC_WEAK = YES;
				CLANG_WARN_BLOCK_CAPTURE_AUTORELEASING = YES;
				CLANG_WARN_BOOL_CONVERSION = YES;
				CLANG_WARN_COMMA = YES;
				CLANG_WARN_CONSTANT_CONVERSION = YES;
				CLANG_WARN_DEPRECATED_OBJC_IMPLEMENTATIONS = YES;
				CLANG_WARN_DIRECT_OBJC_ISA_USAGE = YES_ERROR;
				CLANG_WARN_DOCUMENTATION_COMMENTS = YES;
				CLANG_WARN_EMPTY_BODY = YES;
				CLANG_WARN_ENUM_CONVERSION = YES;
				CLANG_WARN_INFINITE_RECURSION = YES;
				CLANG_WARN_INT_CONVERSION = YES;
				CLANG_WARN_NON_LITERAL_NULL_CONVERSION = YES;
				CLANG_WARN_OBJC_IMPLICIT_RETAIN_SELF = YES;
				CLANG_WARN_OBJC_LITERAL_CONVERSION = YES;
				CLANG_WARN_OBJC_ROOT_CLASS = YES_ERROR;
				CLANG_WARN_QUOTED_INCLUDE_IN_FRAMEWORK_HEADER = YES;
				CLANG_WARN_RANGE_LOOP_ANALYSIS = YES;
				CLANG_WARN_STRICT_PROTOTYPES = YES;
				CLANG_WARN_SUSPICIOUS_MOVE = YES;
				CLANG_WARN_UNGUARDED_AVAILABILITY = YES_AGGRESSIVE;
				CLANG_WARN_UNREACHABLE_CODE = YES;
				CLANG_WARN__DUPLICATE_METHOD_MATCH = YES;
				COPY_PHASE_STRIP = NO;
				DEBUG_INFORMATION_FORMAT = dwarf;
				ENABLE_STRICT_OBJC_MSGSEND = YES;
				ENABLE_TESTABILITY = YES;
				GCC_C_LANGUAGE_STANDARD = gnu11;
				GCC_DYNAMIC_NO_PIC = NO;
				GCC_NO_COMMON_BLOCKS = YES;
				GCC_OPTIMIZATION_LEVEL = 0;
				GCC_PREPROCESSOR_DEFINITIONS = (
					"DEBUG=1",
					"$(inherited)",
				);
				GCC_WARN_64_TO_32_BIT_CONVERSION = YES;
				GCC_WARN_ABOUT_RETURN_TYPE = YES_ERROR;
				GCC_WARN_UNDECLARED_SELECTOR = YES;
				GCC_WARN_UNINITIALIZED_AUTOS = YES_AGGRESSIVE;
				GCC_WARN_UNUSED_FUNCTION = YES;
				GCC_WARN_UNUSED_VARIABLE = YES;
				IPHONEOS_DEPLOYMENT_TARGET = 16.2;
				MTL_ENABLE_DEBUG_INFO = INCLUDE_SOURCE;
				MTL_FAST_MATH = YES;
				ONLY_ACTIVE_ARCH = YES;
				SDKROOT = iphoneos;
				SWIFT_ACTIVE_COMPILATION_CONDITIONS = DEBUG;
				SWIFT_OPTIMIZATION_LEVEL = "-Onone";
			};
			name = Debug;
		};
		815A0E1A2C23BFB30033B2AF /* Release */ = {
			isa = XCBuildConfiguration;
			buildSettings = {
				ALWAYS_SEARCH_USER_PATHS = NO;
				CLANG_ANALYZER_NONNULL = YES;
				CLANG_ANALYZER_NUMBER_OBJECT_CONVERSION = YES_AGGRESSIVE;
				CLANG_CXX_LANGUAGE_STANDARD = "gnu++20";
				CLANG_ENABLE_MODULES = YES;
				CLANG_ENABLE_OBJC_ARC = YES;
				CLANG_ENABLE_OBJC_WEAK = YES;
				CLANG_WARN_BLOCK_CAPTURE_AUTORELEASING = YES;
				CLANG_WARN_BOOL_CONVERSION = YES;
				CLANG_WARN_COMMA = YES;
				CLANG_WARN_CONSTANT_CONVERSION = YES;
				CLANG_WARN_DEPRECATED_OBJC_IMPLEMENTATIONS = YES;
				CLANG_WARN_DIRECT_OBJC_ISA_USAGE = YES_ERROR;
				CLANG_WARN_DOCUMENTATION_COMMENTS = YES;
				CLANG_WARN_EMPTY_BODY = YES;
				CLANG_WARN_ENUM_CONVERSION = YES;
				CLANG_WARN_INFINITE_RECURSION = YES;
				CLANG_WARN_INT_CONVERSION = YES;
				CLANG_WARN_NON_LITERAL_NULL_CONVERSION = YES;
				CLANG_WARN_OBJC_IMPLICIT_RETAIN_SELF = YES;
				CLANG_WARN_OBJC_LITERAL_CONVERSION = YES;
				CLANG_WARN_OBJC_ROOT_CLASS = YES_ERROR;
				CLANG_WARN_QUOTED_INCLUDE_IN_FRAMEWORK_HEADER = YES;
				CLANG_WARN_RANGE_LOOP_ANALYSIS = YES;
				CLANG_WARN_STRICT_PROTOTYPES = YES;
				CLANG_WARN_SUSPICIOUS_MOVE = YES;
				CLANG_WARN_UNGUARDED_AVAILABILITY = YES_AGGRESSIVE;
				CLANG_WARN_UNREACHABLE_CODE = YES;
				CLANG_WARN__DUPLICATE_METHOD_MATCH = YES;
				COPY_PHASE_STRIP = NO;
				DEBUG_INFORMATION_FORMAT = "dwarf-with-dsym";
				ENABLE_NS_ASSERTIONS = NO;
				ENABLE_STRICT_OBJC_MSGSEND = YES;
				GCC_C_LANGUAGE_STANDARD = gnu11;
				GCC_NO_COMMON_BLOCKS = YES;
				GCC_WARN_64_TO_32_BIT_CONVERSION = YES;
				GCC_WARN_ABOUT_RETURN_TYPE = YES_ERROR;
				GCC_WARN_UNDECLARED_SELECTOR = YES;
				GCC_WARN_UNINITIALIZED_AUTOS = YES_AGGRESSIVE;
				GCC_WARN_UNUSED_FUNCTION = YES;
				GCC_WARN_UNUSED_VARIABLE = YES;
				IPHONEOS_DEPLOYMENT_TARGET = 16.2;
				MTL_ENABLE_DEBUG_INFO = NO;
				MTL_FAST_MATH = YES;
				SDKROOT = iphoneos;
				SWIFT_COMPILATION_MODE = wholemodule;
				SWIFT_OPTIMIZATION_LEVEL = "-O";
				VALIDATE_PRODUCT = YES;
			};
			name = Release;
		};
		815A0E1C2C23BFB30033B2AF /* Debug */ = {
			isa = XCBuildConfiguration;
			buildSettings = {
				ASSETCATALOG_COMPILER_APPICON_NAME = AppIcon;
				ASSETCATALOG_COMPILER_GLOBAL_ACCENT_COLOR_NAME = AccentColor;
				CODE_SIGN_STYLE = Automatic;
				CURRENT_PROJECT_VERSION = 1;
				GENERATE_INFOPLIST_FILE = YES;
				INFOPLIST_FILE = "Ticket App SAT/Info.plist";
				INFOPLIST_KEY_UIApplicationSupportsIndirectInputEvents = YES;
				INFOPLIST_KEY_UILaunchStoryboardName = LaunchScreen;
				INFOPLIST_KEY_UIMainStoryboardFile = Main;
				INFOPLIST_KEY_UISupportedInterfaceOrientations_iPad = "UIInterfaceOrientationPortrait UIInterfaceOrientationPortraitUpsideDown UIInterfaceOrientationLandscapeLeft UIInterfaceOrientationLandscapeRight";
				INFOPLIST_KEY_UISupportedInterfaceOrientations_iPhone = "UIInterfaceOrientationPortrait UIInterfaceOrientationLandscapeLeft UIInterfaceOrientationLandscapeRight";
				LD_RUNPATH_SEARCH_PATHS = (
					"$(inherited)",
					"@executable_path/Frameworks",
				);
				MARKETING_VERSION = 1.0;
				PRODUCT_BUNDLE_IDENTIFIER = "Monique.Ticket-App-SAT";
				PRODUCT_NAME = "$(TARGET_NAME)";
				SWIFT_EMIT_LOC_STRINGS = YES;
				SWIFT_VERSION = 5.0;
				TARGETED_DEVICE_FAMILY = "1,2";
			};
			name = Debug;
		};
		815A0E1D2C23BFB30033B2AF /* Release */ = {
			isa = XCBuildConfiguration;
			buildSettings = {
				ASSETCATALOG_COMPILER_APPICON_NAME = AppIcon;
				ASSETCATALOG_COMPILER_GLOBAL_ACCENT_COLOR_NAME = AccentColor;
				CODE_SIGN_STYLE = Automatic;
				CURRENT_PROJECT_VERSION = 1;
				GENERATE_INFOPLIST_FILE = YES;
				INFOPLIST_FILE = "Ticket App SAT/Info.plist";
				INFOPLIST_KEY_UIApplicationSupportsIndirectInputEvents = YES;
				INFOPLIST_KEY_UILaunchStoryboardName = LaunchScreen;
				INFOPLIST_KEY_UIMainStoryboardFile = Main;
				INFOPLIST_KEY_UISupportedInterfaceOrientations_iPad = "UIInterfaceOrientationPortrait UIInterfaceOrientationPortraitUpsideDown UIInterfaceOrientationLandscapeLeft UIInterfaceOrientationLandscapeRight";
				INFOPLIST_KEY_UISupportedInterfaceOrientations_iPhone = "UIInterfaceOrientationPortrait UIInterfaceOrientationLandscapeLeft UIInterfaceOrientationLandscapeRight";
				LD_RUNPATH_SEARCH_PATHS = (
					"$(inherited)",
					"@executable_path/Frameworks",
				);
				MARKETING_VERSION = 1.0;
				PRODUCT_BUNDLE_IDENTIFIER = "Monique.Ticket-App-SAT";
				PRODUCT_NAME = "$(TARGET_NAME)";
				SWIFT_EMIT_LOC_STRINGS = YES;
				SWIFT_VERSION = 5.0;
				TARGETED_DEVICE_FAMILY = "1,2";
			};
			name = Release;
		};
/* End XCBuildConfiguration section */

/* Begin XCConfigurationList section */
		815A0E022C23BFB10033B2AF /* Build configuration list for PBXProject "Ticket App SAT" */ = {
			isa = XCConfigurationList;
			buildConfigurations = (
				815A0E192C23BFB30033B2AF /* Debug */,
				815A0E1A2C23BFB30033B2AF /* Release */,
			);
			defaultConfigurationIsVisible = 0;
			defaultConfigurationName = Release;
		};
		815A0E1B2C23BFB30033B2AF /* Build configuration list for PBXNativeTarget "Ticket App SAT" */ = {
			isa = XCConfigurationList;
			buildConfigurations = (
				815A0E1C2C23BFB30033B2AF /* Debug */,
				815A0E1D2C23BFB30033B2AF /* Release */,
			);
			defaultConfigurationIsVisible = 0;
			defaultConfigurationName = Release;
		};
/* End XCConfigurationList section */
	};
	rootObject = 815A0DFF2C23BFB10033B2AF /* Project object */;
}
